
Microsoft Visual Studio Solution File, Format Version 12.00
# Visual Studio 15
Project("{2150E333-8FDC-42A3-9474-1A3956D46DE8}") = ".paket", ".paket", "{B2A256BD-9D87-4E6C-B8AB-5A920A6A48DF}"
	ProjectSection(SolutionItems) = preProject
		paket.dependencies = paket.dependencies
	EndProjectSection
EndProject
Project("{F2A71F9B-5D33-465A-A702-920D77279786}") = "fons", "src\fons.fsproj", "{AD1DFC4A-51C4-495A-96ED-E229711DADFB}"
EndProject
Project("{2150E333-8FDC-42A3-9474-1A3956D46DE8}") = "examples", "examples", "{9DE66331-9811-4712-802D-46028E3D3B76}"
EndProject
Project("{F2A71F9B-5D33-465A-A702-920D77279786}") = "fons-simple", "examples\fons-simple\fons-simple.fsproj", "{07766BCC-9576-4C34-9FD7-88DB7F504AFB}"
EndProject
Global
	GlobalSection(SolutionConfigurationPlatforms) = preSolution
		Debug|Any CPU = Debug|Any CPU
		Debug|x64 = Debug|x64
		Debug|x86 = Debug|x86
		Release|Any CPU = Release|Any CPU
		Release|x64 = Release|x64
		Release|x86 = Release|x86
	EndGlobalSection
	GlobalSection(ProjectConfigurationPlatforms) = postSolution
		{23447881-DCE1-48C8-870C-53A3E032A268}.Debug|Any CPU.ActiveCfg = Debug|Any CPU
		{23447881-DCE1-48C8-870C-53A3E032A268}.Debug|Any CPU.Build.0 = Debug|Any CPU
		{23447881-DCE1-48C8-870C-53A3E032A268}.Debug|x64.ActiveCfg = Debug|Any CPU
		{23447881-DCE1-48C8-870C-53A3E032A268}.Debug|x64.Build.0 = Debug|Any CPU
		{23447881-DCE1-48C8-870C-53A3E032A268}.Debug|x86.ActiveCfg = Debug|Any CPU
		{23447881-DCE1-48C8-870C-53A3E032A268}.Debug|x86.Build.0 = Debug|Any CPU
		{23447881-DCE1-48C8-870C-53A3E032A268}.Release|Any CPU.ActiveCfg = Release|Any CPU
		{23447881-DCE1-48C8-870C-53A3E032A268}.Release|Any CPU.Build.0 = Release|Any CPU
		{23447881-DCE1-48C8-870C-53A3E032A268}.Release|x64.ActiveCfg = Release|Any CPU
		{23447881-DCE1-48C8-870C-53A3E032A268}.Release|x64.Build.0 = Release|Any CPU
		{23447881-DCE1-48C8-870C-53A3E032A268}.Release|x86.ActiveCfg = Release|Any CPU
		{23447881-DCE1-48C8-870C-53A3E032A268}.Release|x86.Build.0 = Release|Any CPU
		{C96E78CC-6CF9-485B-955B-A355F38EF4E2}.Debug|Any CPU.ActiveCfg = Debug|Any CPU
		{C96E78CC-6CF9-485B-955B-A355F38EF4E2}.Debug|Any CPU.Build.0 = Debug|Any CPU
		{C96E78CC-6CF9-485B-955B-A355F38EF4E2}.Debug|x64.ActiveCfg = Debug|Any CPU
		{C96E78CC-6CF9-485B-955B-A355F38EF4E2}.Debug|x64.Build.0 = Debug|Any CPU
		{C96E78CC-6CF9-485B-955B-A355F38EF4E2}.Debug|x86.ActiveCfg = Debug|Any CPU
		{C96E78CC-6CF9-485B-955B-A355F38EF4E2}.Debug|x86.Build.0 = Debug|Any CPU
		{C96E78CC-6CF9-485B-955B-A355F38EF4E2}.Release|Any CPU.ActiveCfg = Release|Any CPU
		{C96E78CC-6CF9-485B-955B-A355F38EF4E2}.Release|Any CPU.Build.0 = Release|Any CPU
		{C96E78CC-6CF9-485B-955B-A355F38EF4E2}.Release|x64.ActiveCfg = Release|Any CPU
		{C96E78CC-6CF9-485B-955B-A355F38EF4E2}.Release|x64.Build.0 = Release|Any CPU
		{C96E78CC-6CF9-485B-955B-A355F38EF4E2}.Release|x86.ActiveCfg = Release|Any CPU
		{C96E78CC-6CF9-485B-955B-A355F38EF4E2}.Release|x86.Build.0 = Release|Any CPU
		{AD1DFC4A-51C4-495A-96ED-E229711DADFB}.Debug|Any CPU.ActiveCfg = Debug|Any CPU
		{AD1DFC4A-51C4-495A-96ED-E229711DADFB}.Debug|Any CPU.Build.0 = Debug|Any CPU
		{AD1DFC4A-51C4-495A-96ED-E229711DADFB}.Debug|x64.ActiveCfg = Debug|Any CPU
		{AD1DFC4A-51C4-495A-96ED-E229711DADFB}.Debug|x64.Build.0 = Debug|Any CPU
		{AD1DFC4A-51C4-495A-96ED-E229711DADFB}.Debug|x86.ActiveCfg = Debug|Any CPU
		{AD1DFC4A-51C4-495A-96ED-E229711DADFB}.Debug|x86.Build.0 = Debug|Any CPU
		{AD1DFC4A-51C4-495A-96ED-E229711DADFB}.Release|Any CPU.ActiveCfg = Release|Any CPU
		{AD1DFC4A-51C4-495A-96ED-E229711DADFB}.Release|Any CPU.Build.0 = Release|Any CPU
		{AD1DFC4A-51C4-495A-96ED-E229711DADFB}.Release|x64.ActiveCfg = Release|Any CPU
		{AD1DFC4A-51C4-495A-96ED-E229711DADFB}.Release|x64.Build.0 = Release|Any CPU
		{AD1DFC4A-51C4-495A-96ED-E229711DADFB}.Release|x86.ActiveCfg = Release|Any CPU
		{AD1DFC4A-51C4-495A-96ED-E229711DADFB}.Release|x86.Build.0 = Release|Any CPU
		{07766BCC-9576-4C34-9FD7-88DB7F504AFB}.Debug|Any CPU.ActiveCfg = Debug|Any CPU
		{07766BCC-9576-4C34-9FD7-88DB7F504AFB}.Debug|Any CPU.Build.0 = Debug|Any CPU
		{07766BCC-9576-4C34-9FD7-88DB7F504AFB}.Debug|x64.ActiveCfg = Debug|Any CPU
		{07766BCC-9576-4C34-9FD7-88DB7F504AFB}.Debug|x64.Build.0 = Debug|Any CPU
		{07766BCC-9576-4C34-9FD7-88DB7F504AFB}.Debug|x86.ActiveCfg = Debug|Any CPU
		{07766BCC-9576-4C34-9FD7-88DB7F504AFB}.Debug|x86.Build.0 = Debug|Any CPU
		{07766BCC-9576-4C34-9FD7-88DB7F504AFB}.Release|Any CPU.ActiveCfg = Release|Any CPU
		{07766BCC-9576-4C34-9FD7-88DB7F504AFB}.Release|Any CPU.Build.0 = Release|Any CPU
		{07766BCC-9576-4C34-9FD7-88DB7F504AFB}.Release|x64.ActiveCfg = Release|Any CPU
		{07766BCC-9576-4C34-9FD7-88DB7F504AFB}.Release|x64.Build.0 = Release|Any CPU
		{07766BCC-9576-4C34-9FD7-88DB7F504AFB}.Release|x86.ActiveCfg = Release|Any CPU
		{07766BCC-9576-4C34-9FD7-88DB7F504AFB}.Release|x86.Build.0 = Release|Any CPU
	EndGlobalSection
	GlobalSection(NestedProjects) = preSolution
		{C96E78CC-6CF9-485B-955B-A355F38EF4E2} = {3AE79B15-320B-426C-927E-8C43A271BDCA}
		{07766BCC-9576-4C34-9FD7-88DB7F504AFB} = {9DE66331-9811-4712-802D-46028E3D3B76}
	EndGlobalSection
EndGlobal
