
Microsoft Visual Studio Solution File, Format Version 12.00
# Visual Studio 15
VisualStudioVersion = 15.0.26124.0
MinimumVisualStudioVersion = 15.0.26124.0
Project("{F2A71F9B-5D33-465A-A702-920D77279786}") = "fons", "src\fons.fsproj", "{6E496803-8C49-45F7-AB00-16AE016A155B}"
EndProject
Project("{2150E333-8FDC-42A3-9474-1A3956D46DE8}") = "examples", "examples", "{6EA94211-5048-4263-BB66-4B972D8A75F2}"
EndProject
Project("{F2A71F9B-5D33-465A-A702-920D77279786}") = "fons-simple", "examples\fons-simple\fons-simple.fsproj", "{FF658478-B7BF-442B-9814-0D38722486E1}"
EndProject
Global
	GlobalSection(SolutionConfigurationPlatforms) = preSolution
		Debug|Any CPU = Debug|Any CPU
		Debug|x64 = Debug|x64
		Debug|x86 = Debug|x86
		Release|Any CPU = Release|Any CPU
		Release|x64 = Release|x64
		Release|x86 = Release|x86
	EndGlobalSection
	GlobalSection(SolutionProperties) = preSolution
		HideSolutionNode = FALSE
	EndGlobalSection
	GlobalSection(ProjectConfigurationPlatforms) = postSolution
		{6E496803-8C49-45F7-AB00-16AE016A155B}.Debug|Any CPU.ActiveCfg = Debug|Any CPU
		{6E496803-8C49-45F7-AB00-16AE016A155B}.Debug|Any CPU.Build.0 = Debug|Any CPU
		{6E496803-8C49-45F7-AB00-16AE016A155B}.Debug|x64.ActiveCfg = Debug|Any CPU
		{6E496803-8C49-45F7-AB00-16AE016A155B}.Debug|x64.Build.0 = Debug|Any CPU
		{6E496803-8C49-45F7-AB00-16AE016A155B}.Debug|x86.ActiveCfg = Debug|Any CPU
		{6E496803-8C49-45F7-AB00-16AE016A155B}.Debug|x86.Build.0 = Debug|Any CPU
		{6E496803-8C49-45F7-AB00-16AE016A155B}.Release|Any CPU.ActiveCfg = Release|Any CPU
		{6E496803-8C49-45F7-AB00-16AE016A155B}.Release|Any CPU.Build.0 = Release|Any CPU
		{6E496803-8C49-45F7-AB00-16AE016A155B}.Release|x64.ActiveCfg = Release|Any CPU
		{6E496803-8C49-45F7-AB00-16AE016A155B}.Release|x64.Build.0 = Release|Any CPU
		{6E496803-8C49-45F7-AB00-16AE016A155B}.Release|x86.ActiveCfg = Release|Any CPU
		{6E496803-8C49-45F7-AB00-16AE016A155B}.Release|x86.Build.0 = Release|Any CPU
		{FF658478-B7BF-442B-9814-0D38722486E1}.Debug|Any CPU.ActiveCfg = Debug|Any CPU
		{FF658478-B7BF-442B-9814-0D38722486E1}.Debug|Any CPU.Build.0 = Debug|Any CPU
		{FF658478-B7BF-442B-9814-0D38722486E1}.Debug|x64.ActiveCfg = Debug|Any CPU
		{FF658478-B7BF-442B-9814-0D38722486E1}.Debug|x64.Build.0 = Debug|Any CPU
		{FF658478-B7BF-442B-9814-0D38722486E1}.Debug|x86.ActiveCfg = Debug|Any CPU
		{FF658478-B7BF-442B-9814-0D38722486E1}.Debug|x86.Build.0 = Debug|Any CPU
		{FF658478-B7BF-442B-9814-0D38722486E1}.Release|Any CPU.ActiveCfg = Release|Any CPU
		{FF658478-B7BF-442B-9814-0D38722486E1}.Release|Any CPU.Build.0 = Release|Any CPU
		{FF658478-B7BF-442B-9814-0D38722486E1}.Release|x64.ActiveCfg = Release|Any CPU
		{FF658478-B7BF-442B-9814-0D38722486E1}.Release|x64.Build.0 = Release|Any CPU
		{FF658478-B7BF-442B-9814-0D38722486E1}.Release|x86.ActiveCfg = Release|Any CPU
		{FF658478-B7BF-442B-9814-0D38722486E1}.Release|x86.Build.0 = Release|Any CPU
	EndGlobalSection
	GlobalSection(NestedProjects) = preSolution
		{FF658478-B7BF-442B-9814-0D38722486E1} = {6EA94211-5048-4263-BB66-4B972D8A75F2}
	EndGlobalSection
EndGlobal
