
Microsoft Visual Studio Solution File, Format Version 12.00
# Visual Studio 15
VisualStudioVersion = 15.0.26124.0
MinimumVisualStudioVersion = 15.0.26124.0
Project("{F2A71F9B-5D33-465A-A702-920D77279786}") = "fons", "fons\fons.fsproj", "{382FFA4A-5CCC-4C5B-802C-B4BFA6960E1E}"
EndProject
Project("{2150E333-8FDC-42A3-9474-1A3956D46DE8}") = "examples", "examples", "{FEAB849C-7973-4AD1-8ED3-921766C52896}"
EndProject
Project("{F2A71F9B-5D33-465A-A702-920D77279786}") = "fons-simple", "examples\fons-simple\fons-simple.fsproj", "{9ADCDE09-43A8-428F-ABD0-C78C949E28CE}"
EndProject
Global
	GlobalSection(SolutionConfigurationPlatforms) = preSolution
		Debug|Any CPU = Debug|Any CPU
		Debug|x64 = Debug|x64
		Debug|x86 = Debug|x86
		Release|Any CPU = Release|Any CPU
		Release|x64 = Release|x64
		Release|x86 = Release|x86
	EndGlobalSection
	GlobalSection(SolutionProperties) = preSolution
		HideSolutionNode = FALSE
	EndGlobalSection
	GlobalSection(ProjectConfigurationPlatforms) = postSolution
		{382FFA4A-5CCC-4C5B-802C-B4BFA6960E1E}.Debug|Any CPU.ActiveCfg = Debug|Any CPU
		{382FFA4A-5CCC-4C5B-802C-B4BFA6960E1E}.Debug|Any CPU.Build.0 = Debug|Any CPU
		{382FFA4A-5CCC-4C5B-802C-B4BFA6960E1E}.Debug|x64.ActiveCfg = Debug|Any CPU
		{382FFA4A-5CCC-4C5B-802C-B4BFA6960E1E}.Debug|x64.Build.0 = Debug|Any CPU
		{382FFA4A-5CCC-4C5B-802C-B4BFA6960E1E}.Debug|x86.ActiveCfg = Debug|Any CPU
		{382FFA4A-5CCC-4C5B-802C-B4BFA6960E1E}.Debug|x86.Build.0 = Debug|Any CPU
		{382FFA4A-5CCC-4C5B-802C-B4BFA6960E1E}.Release|Any CPU.ActiveCfg = Release|Any CPU
		{382FFA4A-5CCC-4C5B-802C-B4BFA6960E1E}.Release|Any CPU.Build.0 = Release|Any CPU
		{382FFA4A-5CCC-4C5B-802C-B4BFA6960E1E}.Release|x64.ActiveCfg = Release|Any CPU
		{382FFA4A-5CCC-4C5B-802C-B4BFA6960E1E}.Release|x64.Build.0 = Release|Any CPU
		{382FFA4A-5CCC-4C5B-802C-B4BFA6960E1E}.Release|x86.ActiveCfg = Release|Any CPU
		{382FFA4A-5CCC-4C5B-802C-B4BFA6960E1E}.Release|x86.Build.0 = Release|Any CPU
		{9ADCDE09-43A8-428F-ABD0-C78C949E28CE}.Debug|Any CPU.ActiveCfg = Debug|Any CPU
		{9ADCDE09-43A8-428F-ABD0-C78C949E28CE}.Debug|Any CPU.Build.0 = Debug|Any CPU
		{9ADCDE09-43A8-428F-ABD0-C78C949E28CE}.Debug|x64.ActiveCfg = Debug|Any CPU
		{9ADCDE09-43A8-428F-ABD0-C78C949E28CE}.Debug|x64.Build.0 = Debug|Any CPU
		{9ADCDE09-43A8-428F-ABD0-C78C949E28CE}.Debug|x86.ActiveCfg = Debug|Any CPU
		{9ADCDE09-43A8-428F-ABD0-C78C949E28CE}.Debug|x86.Build.0 = Debug|Any CPU
		{9ADCDE09-43A8-428F-ABD0-C78C949E28CE}.Release|Any CPU.ActiveCfg = Release|Any CPU
		{9ADCDE09-43A8-428F-ABD0-C78C949E28CE}.Release|Any CPU.Build.0 = Release|Any CPU
		{9ADCDE09-43A8-428F-ABD0-C78C949E28CE}.Release|x64.ActiveCfg = Release|Any CPU
		{9ADCDE09-43A8-428F-ABD0-C78C949E28CE}.Release|x64.Build.0 = Release|Any CPU
		{9ADCDE09-43A8-428F-ABD0-C78C949E28CE}.Release|x86.ActiveCfg = Release|Any CPU
		{9ADCDE09-43A8-428F-ABD0-C78C949E28CE}.Release|x86.Build.0 = Release|Any CPU
	EndGlobalSection
	GlobalSection(NestedProjects) = preSolution
		{9ADCDE09-43A8-428F-ABD0-C78C949E28CE} = {FEAB849C-7973-4AD1-8ED3-921766C52896}
	EndGlobalSection
EndGlobal
